
Microsoft Visual Studio Solution File, Format Version 12.00
# Visual Studio Version 17
VisualStudioVersion = 17.7.34221.43
MinimumVisualStudioVersion = 10.0.40219.1
Project("{9A19103F-16F7-4668-BE54-9A1E7A4F7556}") = "CarRental.Server", "CarRental\Server\CarRental.Server.csproj", "{43A6FD2B-6AED-4DEE-AB12-C9D706FC8264}"
EndProject
Project("{9A19103F-16F7-4668-BE54-9A1E7A4F7556}") = "CarRental.Client", "CarRental\Client\CarRental.Client.csproj", "{9C07FBC8-9EC8-4CBD-8D05-B7BB9A1AE33E}"
EndProject
Project("{9A19103F-16F7-4668-BE54-9A1E7A4F7556}") = "CarRental.Shared", "CarRental\Shared\CarRental.Shared.csproj", "{07966B0B-A32E-4185-94EF-53F14ACBC296}"
EndProject
Global
	GlobalSection(SolutionConfigurationPlatforms) = preSolution
		Debug|Any CPU = Debug|Any CPU
		Release|Any CPU = Release|Any CPU
	EndGlobalSection
	GlobalSection(ProjectConfigurationPlatforms) = postSolution
		{43A6FD2B-6AED-4DEE-AB12-C9D706FC8264}.Debug|Any CPU.ActiveCfg = Debug|Any CPU
		{43A6FD2B-6AED-4DEE-AB12-C9D706FC8264}.Debug|Any CPU.Build.0 = Debug|Any CPU
		{43A6FD2B-6AED-4DEE-AB12-C9D706FC8264}.Release|Any CPU.ActiveCfg = Release|Any CPU
		{43A6FD2B-6AED-4DEE-AB12-C9D706FC8264}.Release|Any CPU.Build.0 = Release|Any CPU
		{9C07FBC8-9EC8-4CBD-8D05-B7BB9A1AE33E}.Debug|Any CPU.ActiveCfg = Debug|Any CPU
		{9C07FBC8-9EC8-4CBD-8D05-B7BB9A1AE33E}.Debug|Any CPU.Build.0 = Debug|Any CPU
		{9C07FBC8-9EC8-4CBD-8D05-B7BB9A1AE33E}.Release|Any CPU.ActiveCfg = Release|Any CPU
		{9C07FBC8-9EC8-4CBD-8D05-B7BB9A1AE33E}.Release|Any CPU.Build.0 = Release|Any CPU
		{07966B0B-A32E-4185-94EF-53F14ACBC296}.Debug|Any CPU.ActiveCfg = Debug|Any CPU
		{07966B0B-A32E-4185-94EF-53F14ACBC296}.Debug|Any CPU.Build.0 = Debug|Any CPU
		{07966B0B-A32E-4185-94EF-53F14ACBC296}.Release|Any CPU.ActiveCfg = Release|Any CPU
		{07966B0B-A32E-4185-94EF-53F14ACBC296}.Release|Any CPU.Build.0 = Release|Any CPU
	EndGlobalSection
	GlobalSection(SolutionProperties) = preSolution
		HideSolutionNode = FALSE
	EndGlobalSection
	GlobalSection(ExtensibilityGlobals) = postSolution
		SolutionGuid = {14C23E9C-2F66-4AA9-9178-1D16C44F3DC2}
	EndGlobalSection
EndGlobal
